
Microsoft Visual Studio Solution File, Format Version 12.00
# Visual Studio 2012 
Project("{FAE04EC0-301F-11D3-BF4B-00C04F79EFBC}") = "Td.Weixin.Public", "Td.Weixin.Public\Td.Weixin.Public.csproj", "{B0C87F3B-7C5D-480F-980E-6CCB1098EED0}"
EndProject
Project("{FAE04EC0-301F-11D3-BF4B-00C04F79EFBC}") = "UnitTest", "UnitTest\UnitTest.csproj", "{7FF3B551-E288-4DA4-8D1E-E5895038EE5A}"
EndProject
Project("{E24C65DC-7377-472B-9ABA-BC803B73C61A}") = "WeixinWebTest", "http://localhost:53146", "{E49BABB9-A6F8-41B9-8BAA-C91330A7F5E8}"
	ProjectSection(WebsiteProperties) = preProject
		UseIISExpress = "true"
		TargetFrameworkMoniker = ".NETFramework,Version%3Dv4.5"
		ProjectReferences = "{b0c87f3b-7c5d-480f-980e-6ccb1098eed0}|Td.Weixin.Public.dll;"
		Debug.AspNetCompiler.VirtualPath = "/localhost_53146"
		Debug.AspNetCompiler.PhysicalPath = "d:\我的文档\Visual Studio 2012\WebSites\WeixinWebTest\"
		Debug.AspNetCompiler.TargetPath = "PrecompiledWeb\localhost_53146\"
		Debug.AspNetCompiler.Updateable = "true"
		Debug.AspNetCompiler.ForceOverwrite = "true"
		Debug.AspNetCompiler.FixedNames = "false"
		Debug.AspNetCompiler.Debug = "True"
		Release.AspNetCompiler.VirtualPath = "/localhost_53146"
		Release.AspNetCompiler.PhysicalPath = "d:\我的文档\Visual Studio 2012\WebSites\WeixinWebTest\"
		Release.AspNetCompiler.TargetPath = "PrecompiledWeb\localhost_53146\"
		Release.AspNetCompiler.Updateable = "true"
		Release.AspNetCompiler.ForceOverwrite = "true"
		Release.AspNetCompiler.FixedNames = "false"
		Release.AspNetCompiler.Debug = "False"
		SlnRelativePath = "d:\我的文档\Visual Studio 2012\WebSites\WeixinWebTest\"
		DefaultWebSiteLanguage = "Visual C#"
	EndProjectSection
EndProject
Global
	GlobalSection(SolutionConfigurationPlatforms) = preSolution
		Debug|Any CPU = Debug|Any CPU
		Release|Any CPU = Release|Any CPU
	EndGlobalSection
	GlobalSection(ProjectConfigurationPlatforms) = postSolution
		{B0C87F3B-7C5D-480F-980E-6CCB1098EED0}.Debug|Any CPU.ActiveCfg = Debug|Any CPU
		{B0C87F3B-7C5D-480F-980E-6CCB1098EED0}.Debug|Any CPU.Build.0 = Debug|Any CPU
		{B0C87F3B-7C5D-480F-980E-6CCB1098EED0}.Release|Any CPU.ActiveCfg = Release|Any CPU
		{B0C87F3B-7C5D-480F-980E-6CCB1098EED0}.Release|Any CPU.Build.0 = Release|Any CPU
		{7FF3B551-E288-4DA4-8D1E-E5895038EE5A}.Debug|Any CPU.ActiveCfg = Debug|Any CPU
		{7FF3B551-E288-4DA4-8D1E-E5895038EE5A}.Debug|Any CPU.Build.0 = Debug|Any CPU
		{7FF3B551-E288-4DA4-8D1E-E5895038EE5A}.Release|Any CPU.ActiveCfg = Release|Any CPU
		{7FF3B551-E288-4DA4-8D1E-E5895038EE5A}.Release|Any CPU.Build.0 = Release|Any CPU
		{E49BABB9-A6F8-41B9-8BAA-C91330A7F5E8}.Debug|Any CPU.ActiveCfg = Debug|Any CPU
		{E49BABB9-A6F8-41B9-8BAA-C91330A7F5E8}.Debug|Any CPU.Build.0 = Debug|Any CPU
		{E49BABB9-A6F8-41B9-8BAA-C91330A7F5E8}.Release|Any CPU.ActiveCfg = Debug|Any CPU
		{E49BABB9-A6F8-41B9-8BAA-C91330A7F5E8}.Release|Any CPU.Build.0 = Debug|Any CPU
	EndGlobalSection
	GlobalSection(SolutionProperties) = preSolution
		HideSolutionNode = FALSE
	EndGlobalSection
EndGlobal
